
Microsoft Visual Studio Solution File, Format Version 12.00
# Visual Studio 2012
Project("{F184B08F-C81C-45F6-A57F-5ABD9991F28F}") = "Client", "Client\Client.vbproj", "{F3887264-6F4C-471A-AD92-AED919B37C80}"
EndProject
Project("{6141683F-8A12-4E36-9623-2EB02B2C2303}") = "Setup", "Setup\Setup.isproj", "{A63E1F83-A2C3-4918-A1CA-32DBC64338E3}"
	ProjectSection(ProjectDependencies) = postProject
		{F3887264-6F4C-471A-AD92-AED919B37C80} = {F3887264-6F4C-471A-AD92-AED919B37C80}
	EndProjectSection
EndProject
Global
	GlobalSection(SolutionConfigurationPlatforms) = preSolution
		CD_ROM|Any CPU = CD_ROM|Any CPU
		Debug|Any CPU = Debug|Any CPU
		DVD-5|Any CPU = DVD-5|Any CPU
		Release|Any CPU = Release|Any CPU
		SingleImage|Any CPU = SingleImage|Any CPU
	EndGlobalSection
	GlobalSection(ProjectConfigurationPlatforms) = postSolution
		{F3887264-6F4C-471A-AD92-AED919B37C80}.CD_ROM|Any CPU.ActiveCfg = Release|Any CPU
		{F3887264-6F4C-471A-AD92-AED919B37C80}.CD_ROM|Any CPU.Build.0 = Release|Any CPU
		{F3887264-6F4C-471A-AD92-AED919B37C80}.Debug|Any CPU.ActiveCfg = Debug|Any CPU
		{F3887264-6F4C-471A-AD92-AED919B37C80}.Debug|Any CPU.Build.0 = Debug|Any CPU
		{F3887264-6F4C-471A-AD92-AED919B37C80}.DVD-5|Any CPU.ActiveCfg = Debug|Any CPU
		{F3887264-6F4C-471A-AD92-AED919B37C80}.DVD-5|Any CPU.Build.0 = Debug|Any CPU
		{F3887264-6F4C-471A-AD92-AED919B37C80}.Release|Any CPU.ActiveCfg = Release|Any CPU
		{F3887264-6F4C-471A-AD92-AED919B37C80}.Release|Any CPU.Build.0 = Release|Any CPU
		{F3887264-6F4C-471A-AD92-AED919B37C80}.SingleImage|Any CPU.ActiveCfg = Release|Any CPU
		{F3887264-6F4C-471A-AD92-AED919B37C80}.SingleImage|Any CPU.Build.0 = Release|Any CPU
		{A63E1F83-A2C3-4918-A1CA-32DBC64338E3}.CD_ROM|Any CPU.ActiveCfg = CD_ROM
		{A63E1F83-A2C3-4918-A1CA-32DBC64338E3}.CD_ROM|Any CPU.Build.0 = CD_ROM
		{A63E1F83-A2C3-4918-A1CA-32DBC64338E3}.Debug|Any CPU.ActiveCfg = DVD-5
		{A63E1F83-A2C3-4918-A1CA-32DBC64338E3}.Debug|Any CPU.Build.0 = DVD-5
		{A63E1F83-A2C3-4918-A1CA-32DBC64338E3}.DVD-5|Any CPU.ActiveCfg = DVD-5
		{A63E1F83-A2C3-4918-A1CA-32DBC64338E3}.DVD-5|Any CPU.Build.0 = DVD-5
		{A63E1F83-A2C3-4918-A1CA-32DBC64338E3}.Release|Any CPU.ActiveCfg = SingleImage
		{A63E1F83-A2C3-4918-A1CA-32DBC64338E3}.Release|Any CPU.Build.0 = SingleImage
		{A63E1F83-A2C3-4918-A1CA-32DBC64338E3}.SingleImage|Any CPU.ActiveCfg = SingleImage
		{A63E1F83-A2C3-4918-A1CA-32DBC64338E3}.SingleImage|Any CPU.Build.0 = SingleImage
	EndGlobalSection
	GlobalSection(SolutionProperties) = preSolution
		HideSolutionNode = FALSE
	EndGlobalSection
EndGlobal
