
Microsoft Visual Studio Solution File, Format Version 11.00
# Visual Studio 2010
Project("{F184B08F-C81C-45F6-A57F-5ABD9991F28F}") = "Vexis Server", "Server\Server.vbproj", "{2F1F4B46-DA79-4A67-9AA9-D700A08AA0B8}"
EndProject
Global
	GlobalSection(SolutionConfigurationPlatforms) = preSolution
		Debug|Any CPU = Debug|Any CPU
		Release|Any CPU = Release|Any CPU
	EndGlobalSection
	GlobalSection(ProjectConfigurationPlatforms) = postSolution
		{2F1F4B46-DA79-4A67-9AA9-D700A08AA0B8}.Debug|Any CPU.ActiveCfg = Debug|Any CPU
		{2F1F4B46-DA79-4A67-9AA9-D700A08AA0B8}.Debug|Any CPU.Build.0 = Debug|Any CPU
		{2F1F4B46-DA79-4A67-9AA9-D700A08AA0B8}.Release|Any CPU.ActiveCfg = Release|Any CPU
		{2F1F4B46-DA79-4A67-9AA9-D700A08AA0B8}.Release|Any CPU.Build.0 = Release|Any CPU
	EndGlobalSection
	GlobalSection(SolutionProperties) = preSolution
		HideSolutionNode = FALSE
	EndGlobalSection
EndGlobal
